
Microsoft Visual Studio Solution File, Format Version 12.00
# Visual Studio Version 17
VisualStudioVersion = 17.6.33723.286
MinimumVisualStudioVersion = 10.0.40219.1
Project("{FAE04EC0-301F-11D3-BF4B-00C04F79EFBC}") = "NetCoreVue-SPA", "NetCoreVue-SPA\NetCoreVue-SPA.csproj", "{864B8DCA-22DE-4379-A019-B8B38D8D2D01}"
EndProject
Global
	GlobalSection(SolutionConfigurationPlatforms) = preSolution
		Debug|Any CPU = Debug|Any CPU
		Release|Any CPU = Release|Any CPU
	EndGlobalSection
	GlobalSection(ProjectConfigurationPlatforms) = postSolution
		{864B8DCA-22DE-4379-A019-B8B38D8D2D01}.Debug|Any CPU.ActiveCfg = Debug|Any CPU
		{864B8DCA-22DE-4379-A019-B8B38D8D2D01}.Debug|Any CPU.Build.0 = Debug|Any CPU
		{864B8DCA-22DE-4379-A019-B8B38D8D2D01}.Release|Any CPU.ActiveCfg = Release|Any CPU
		{864B8DCA-22DE-4379-A019-B8B38D8D2D01}.Release|Any CPU.Build.0 = Release|Any CPU
	EndGlobalSection
	GlobalSection(SolutionProperties) = preSolution
		HideSolutionNode = FALSE
	EndGlobalSection
	GlobalSection(ExtensibilityGlobals) = postSolution
		SolutionGuid = {8FC3088A-61BD-4075-BF75-07A00961118F}
	EndGlobalSection
EndGlobal
